// !$*UTF8*$!
{
	archiveVersion = 1;
	classes = {
	};
	objectVersion = 56;
	objects = {

/* Begin PBXBuildFile section */
		434D154A2A8663A100F553D8 /* GetMeHomeApp.swift in Sources */ = {isa = PBXBuildFile; fileRef = 434D15492A8663A100F553D8 /* GetMeHomeApp.swift */; };
		434D154C2A8663A100F553D8 /* StationMapView.swift in Sources */ = {isa = PBXBuildFile; fileRef = 434D154B2A8663A100F553D8 /* StationMapView.swift */; };
		434D154E2A8663A200F553D8 /* Assets.xcassets in Resources */ = {isa = PBXBuildFile; fileRef = 434D154D2A8663A200F553D8 /* Assets.xcassets */; };
		434D15512A8663A200F553D8 /* Preview Assets.xcassets in Resources */ = {isa = PBXBuildFile; fileRef = 434D15502A8663A200F553D8 /* Preview Assets.xcassets */; };
		434D15592A86E6FC00F553D8 /* MapLocation.swift in Sources */ = {isa = PBXBuildFile; fileRef = 434D15582A86E6FC00F553D8 /* MapLocation.swift */; };
		434D155B2A86E71A00F553D8 /* SavedPlaces.swift in Sources */ = {isa = PBXBuildFile; fileRef = 434D155A2A86E71A00F553D8 /* SavedPlaces.swift */; };
		434D15622A86E86100F553D8 /* EnterLocationView.swift in Sources */ = {isa = PBXBuildFile; fileRef = 434D15612A86E86100F553D8 /* EnterLocationView.swift */; };
		43CF68732A94129000FFC731 /* AppView.swift in Sources */ = {isa = PBXBuildFile; fileRef = 43CF68722A94129000FFC731 /* AppView.swift */; };
/* End PBXBuildFile section */

/* Begin PBXFileReference section */
		434D15462A8663A100F553D8 /* GetMeHome.app */ = {isa = PBXFileReference; explicitFileType = wrapper.application; includeInIndex = 0; path = GetMeHome.app; sourceTree = BUILT_PRODUCTS_DIR; };
		434D15492A8663A100F553D8 /* GetMeHomeApp.swift */ = {isa = PBXFileReference; lastKnownFileType = sourcecode.swift; path = GetMeHomeApp.swift; sourceTree = "<group>"; };
		434D154B2A8663A100F553D8 /* StationMapView.swift */ = {isa = PBXFileReference; lastKnownFileType = sourcecode.swift; path = StationMapView.swift; sourceTree = "<group>"; };
		434D154D2A8663A200F553D8 /* Assets.xcassets */ = {isa = PBXFileReference; lastKnownFileType = folder.assetcatalog; path = Assets.xcassets; sourceTree = "<group>"; };
		434D15502A8663A200F553D8 /* Preview Assets.xcassets */ = {isa = PBXFileReference; lastKnownFileType = folder.assetcatalog; path = "Preview Assets.xcassets"; sourceTree = "<group>"; };
		434D15582A86E6FC00F553D8 /* MapLocation.swift */ = {isa = PBXFileReference; lastKnownFileType = sourcecode.swift; path = MapLocation.swift; sourceTree = "<group>"; };
		434D155A2A86E71A00F553D8 /* SavedPlaces.swift */ = {isa = PBXFileReference; lastKnownFileType = sourcecode.swift; path = SavedPlaces.swift; sourceTree = "<group>"; };
		434D15612A86E86100F553D8 /* EnterLocationView.swift */ = {isa = PBXFileReference; lastKnownFileType = sourcecode.swift; path = EnterLocationView.swift; sourceTree = "<group>"; };
		43CF68722A94129000FFC731 /* AppView.swift */ = {isa = PBXFileReference; lastKnownFileType = sourcecode.swift; path = AppView.swift; sourceTree = "<group>"; };
/* End PBXFileReference section */

/* Begin PBXFrameworksBuildPhase section */
		434D15432A8663A100F553D8 /* Frameworks */ = {
			isa = PBXFrameworksBuildPhase;
			buildActionMask = 2147483647;
			files = (
			);
			runOnlyForDeploymentPostprocessing = 0;
		};
/* End PBXFrameworksBuildPhase section */

/* Begin PBXGroup section */
		434D153D2A8663A000F553D8 = {
			isa = PBXGroup;
			children = (
				434D15482A8663A100F553D8 /* GetMeHome */,
				434D15472A8663A100F553D8 /* Products */,
			);
			sourceTree = "<group>";
		};
		434D15472A8663A100F553D8 /* Products */ = {
			isa = PBXGroup;
			children = (
				434D15462A8663A100F553D8 /* GetMeHome.app */,
			);
			name = Products;
			sourceTree = "<group>";
		};
		434D15482A8663A100F553D8 /* GetMeHome */ = {
			isa = PBXGroup;
			children = (
				434D155D2A86E7A700F553D8 /* App */,
				434D155C2A86E76300F553D8 /* Views */,
				434D155E2A86E7CB00F553D8 /* PlaceSupport */,
				434D154F2A8663A200F553D8 /* Preview Content */,
				434D154D2A8663A200F553D8 /* Assets.xcassets */,
			);
			path = GetMeHome;
			sourceTree = "<group>";
		};
		434D154F2A8663A200F553D8 /* Preview Content */ = {
			isa = PBXGroup;
			children = (
				434D15502A8663A200F553D8 /* Preview Assets.xcassets */,
			);
			path = "Preview Content";
			sourceTree = "<group>";
		};
		434D155C2A86E76300F553D8 /* Views */ = {
			isa = PBXGroup;
			children = (
				43CF68722A94129000FFC731 /* AppView.swift */,
				434D154B2A8663A100F553D8 /* StationMapView.swift */,
				434D15612A86E86100F553D8 /* EnterLocationView.swift */,
			);
			path = Views;
			sourceTree = "<group>";
		};
		434D155D2A86E7A700F553D8 /* App */ = {
			isa = PBXGroup;
			children = (
				434D15492A8663A100F553D8 /* GetMeHomeApp.swift */,
			);
			path = App;
			sourceTree = "<group>";
		};
		434D155E2A86E7CB00F553D8 /* PlaceSupport */ = {
			isa = PBXGroup;
			children = (
				434D155A2A86E71A00F553D8 /* SavedPlaces.swift */,
				434D15582A86E6FC00F553D8 /* MapLocation.swift */,
			);
			path = PlaceSupport;
			sourceTree = "<group>";
		};
/* End PBXGroup section */

/* Begin PBXNativeTarget section */
		434D15452A8663A100F553D8 /* GetMeHome */ = {
			isa = PBXNativeTarget;
			buildConfigurationList = 434D15542A8663A200F553D8 /* Build configuration list for PBXNativeTarget "GetMeHome" */;
			buildPhases = (
				434D15422A8663A100F553D8 /* Sources */,
				434D15432A8663A100F553D8 /* Frameworks */,
				434D15442A8663A100F553D8 /* Resources */,
			);
			buildRules = (
			);
			dependencies = (
			);
			name = GetMeHome;
			productName = GetMeHome;
			productReference = 434D15462A8663A100F553D8 /* GetMeHome.app */;
			productType = "com.apple.product-type.application";
		};
/* End PBXNativeTarget section */

/* Begin PBXProject section */
		434D153E2A8663A000F553D8 /* Project object */ = {
			isa = PBXProject;
			attributes = {
				BuildIndependentTargetsInParallel = 1;
				LastSwiftUpdateCheck = 1430;
				LastUpgradeCheck = 1430;
				TargetAttributes = {
					434D15452A8663A100F553D8 = {
						CreatedOnToolsVersion = 14.3.1;
					};
				};
			};
			buildConfigurationList = 434D15412A8663A000F553D8 /* Build configuration list for PBXProject "GetMeHome" */;
			compatibilityVersion = "Xcode 14.0";
			developmentRegion = en;
			hasScannedForEncodings = 0;
			knownRegions = (
				en,
				Base,
			);
			mainGroup = 434D153D2A8663A000F553D8;
			productRefGroup = 434D15472A8663A100F553D8 /* Products */;
			projectDirPath = "";
			projectRoot = "";
			targets = (
				434D15452A8663A100F553D8 /* GetMeHome */,
			);
		};
/* End PBXProject section */

/* Begin PBXResourcesBuildPhase section */
		434D15442A8663A100F553D8 /* Resources */ = {
			isa = PBXResourcesBuildPhase;
			buildActionMask = 2147483647;
			files = (
				434D15512A8663A200F553D8 /* Preview Assets.xcassets in Resources */,
				434D154E2A8663A200F553D8 /* Assets.xcassets in Resources */,
			);
			runOnlyForDeploymentPostprocessing = 0;
		};
/* End PBXResourcesBuildPhase section */

/* Begin PBXSourcesBuildPhase section */
		434D15422A8663A100F553D8 /* Sources */ = {
			isa = PBXSourcesBuildPhase;
			buildActionMask = 2147483647;
			files = (
				43CF68732A94129000FFC731 /* AppView.swift in Sources */,
				434D15592A86E6FC00F553D8 /* MapLocation.swift in Sources */,
				434D154C2A8663A100F553D8 /* StationMapView.swift in Sources */,
				434D154A2A8663A100F553D8 /* GetMeHomeApp.swift in Sources */,
				434D155B2A86E71A00F553D8 /* SavedPlaces.swift in Sources */,
				434D15622A86E86100F553D8 /* EnterLocationView.swift in Sources */,
			);
			runOnlyForDeploymentPostprocessing = 0;
		};
/* End PBXSourcesBuildPhase section */

/* Begin XCBuildConfiguration section */
		434D15522A8663A200F553D8 /* Debug */ = {
			isa = XCBuildConfiguration;
			buildSettings = {
				ALWAYS_SEARCH_USER_PATHS = NO;
				CLANG_ANALYZER_NONNULL = YES;
				CLANG_ANALYZER_NUMBER_OBJECT_CONVERSION = YES_AGGRESSIVE;
				CLANG_CXX_LANGUAGE_STANDARD = "gnu++20";
				CLANG_ENABLE_MODULES = YES;
				CLANG_ENABLE_OBJC_ARC = YES;
				CLANG_ENABLE_OBJC_WEAK = YES;
				CLANG_WARN_BLOCK_CAPTURE_AUTORELEASING = YES;
				CLANG_WARN_BOOL_CONVERSION = YES;
				CLANG_WARN_COMMA = YES;
				CLANG_WARN_CONSTANT_CONVERSION = YES;
				CLANG_WARN_DEPRECATED_OBJC_IMPLEMENTATIONS = YES;
				CLANG_WARN_DIRECT_OBJC_ISA_USAGE = YES_ERROR;
				CLANG_WARN_DOCUMENTATION_COMMENTS = YES;
				CLANG_WARN_EMPTY_BODY = YES;
				CLANG_WARN_ENUM_CONVERSION = YES;
				CLANG_WARN_INFINITE_RECURSION = YES;
				CLANG_WARN_INT_CONVERSION = YES;
				CLANG_WARN_NON_LITERAL_NULL_CONVERSION = YES;
				CLANG_WARN_OBJC_IMPLICIT_RETAIN_SELF = YES;
				CLANG_WARN_OBJC_LITERAL_CONVERSION = YES;
				CLANG_WARN_OBJC_ROOT_CLASS = YES_ERROR;
				CLANG_WARN_QUOTED_INCLUDE_IN_FRAMEWORK_HEADER = YES;
				CLANG_WARN_RANGE_LOOP_ANALYSIS = YES;
				CLANG_WARN_STRICT_PROTOTYPES = YES;
				CLANG_WARN_SUSPICIOUS_MOVE = YES;
				CLANG_WARN_UNGUARDED_AVAILABILITY = YES_AGGRESSIVE;
				CLANG_WARN_UNREACHABLE_CODE = YES;
				CLANG_WARN__DUPLICATE_METHOD_MATCH = YES;
				COPY_PHASE_STRIP = NO;
				DEBUG_INFORMATION_FORMAT = dwarf;
				ENABLE_STRICT_OBJC_MSGSEND = YES;
				ENABLE_TESTABILITY = YES;
				GCC_C_LANGUAGE_STANDARD = gnu11;
				GCC_DYNAMIC_NO_PIC = NO;
				GCC_NO_COMMON_BLOCKS = YES;
				GCC_OPTIMIZATION_LEVEL = 0;
				GCC_PREPROCESSOR_DEFINITIONS = (
					"DEBUG=1",
					"$(inherited)",
				);
				GCC_WARN_64_TO_32_BIT_CONVERSION = YES;
				GCC_WARN_ABOUT_RETURN_TYPE = YES_ERROR;
				GCC_WARN_UNDECLARED_SELECTOR = YES;
				GCC_WARN_UNINITIALIZED_AUTOS = YES_AGGRESSIVE;
				GCC_WARN_UNUSED_FUNCTION = YES;
				GCC_WARN_UNUSED_VARIABLE = YES;
				IPHONEOS_DEPLOYMENT_TARGET = 16.4;
				MTL_ENABLE_DEBUG_INFO = INCLUDE_SOURCE;
				MTL_FAST_MATH = YES;
				ONLY_ACTIVE_ARCH = YES;
				SDKROOT = iphoneos;
				SWIFT_ACTIVE_COMPILATION_CONDITIONS = DEBUG;
				SWIFT_OPTIMIZATION_LEVEL = "-Onone";
			};
			name = Debug;
		};
		434D15532A8663A200F553D8 /* Release */ = {
			isa = XCBuildConfiguration;
			buildSettings = {
				ALWAYS_SEARCH_USER_PATHS = NO;
				CLANG_ANALYZER_NONNULL = YES;
				CLANG_ANALYZER_NUMBER_OBJECT_CONVERSION = YES_AGGRESSIVE;
				CLANG_CXX_LANGUAGE_STANDARD = "gnu++20";
				CLANG_ENABLE_MODULES = YES;
				CLANG_ENABLE_OBJC_ARC = YES;
				CLANG_ENABLE_OBJC_WEAK = YES;
				CLANG_WARN_BLOCK_CAPTURE_AUTORELEASING = YES;
				CLANG_WARN_BOOL_CONVERSION = YES;
				CLANG_WARN_COMMA = YES;
				CLANG_WARN_CONSTANT_CONVERSION = YES;
				CLANG_WARN_DEPRECATED_OBJC_IMPLEMENTATIONS = YES;
				CLANG_WARN_DIRECT_OBJC_ISA_USAGE = YES_ERROR;
				CLANG_WARN_DOCUMENTATION_COMMENTS = YES;
				CLANG_WARN_EMPTY_BODY = YES;
				CLANG_WARN_ENUM_CONVERSION = YES;
				CLANG_WARN_INFINITE_RECURSION = YES;
				CLANG_WARN_INT_CONVERSION = YES;
				CLANG_WARN_NON_LITERAL_NULL_CONVERSION = YES;
				CLANG_WARN_OBJC_IMPLICIT_RETAIN_SELF = YES;
				CLANG_WARN_OBJC_LITERAL_CONVERSION = YES;
				CLANG_WARN_OBJC_ROOT_CLASS = YES_ERROR;
				CLANG_WARN_QUOTED_INCLUDE_IN_FRAMEWORK_HEADER = YES;
				CLANG_WARN_RANGE_LOOP_ANALYSIS = YES;
				CLANG_WARN_STRICT_PROTOTYPES = YES;
				CLANG_WARN_SUSPICIOUS_MOVE = YES;
				CLANG_WARN_UNGUARDED_AVAILABILITY = YES_AGGRESSIVE;
				CLANG_WARN_UNREACHABLE_CODE = YES;
				CLANG_WARN__DUPLICATE_METHOD_MATCH = YES;
				COPY_PHASE_STRIP = NO;
				DEBUG_INFORMATION_FORMAT = "dwarf-with-dsym";
				ENABLE_NS_ASSERTIONS = NO;
				ENABLE_STRICT_OBJC_MSGSEND = YES;
				GCC_C_LANGUAGE_STANDARD = gnu11;
				GCC_NO_COMMON_BLOCKS = YES;
				GCC_WARN_64_TO_32_BIT_CONVERSION = YES;
				GCC_WARN_ABOUT_RETURN_TYPE = YES_ERROR;
				GCC_WARN_UNDECLARED_SELECTOR = YES;
				GCC_WARN_UNINITIALIZED_AUTOS = YES_AGGRESSIVE;
				GCC_WARN_UNUSED_FUNCTION = YES;
				GCC_WARN_UNUSED_VARIABLE = YES;
				IPHONEOS_DEPLOYMENT_TARGET = 16.4;
				MTL_ENABLE_DEBUG_INFO = NO;
				MTL_FAST_MATH = YES;
				SDKROOT = iphoneos;
				SWIFT_COMPILATION_MODE = wholemodule;
				SWIFT_OPTIMIZATION_LEVEL = "-O";
				VALIDATE_PRODUCT = YES;
			};
			name = Release;
		};
		434D15552A8663A200F553D8 /* Debug */ = {
			isa = XCBuildConfiguration;
			buildSettings = {
				ASSETCATALOG_COMPILER_APPICON_NAME = AppIcon;
				ASSETCATALOG_COMPILER_GLOBAL_ACCENT_COLOR_NAME = AccentColor;
				CODE_SIGN_STYLE = Automatic;
				CURRENT_PROJECT_VERSION = 1;
				DEVELOPMENT_ASSET_PATHS = "\"GetMeHome/Preview Content\"";
				DEVELOPMENT_TEAM = WB46CA9337;
				ENABLE_PREVIEWS = YES;
				GENERATE_INFOPLIST_FILE = YES;
				INFOPLIST_KEY_UIApplicationSceneManifest_Generation = YES;
				INFOPLIST_KEY_UIApplicationSupportsIndirectInputEvents = YES;
				INFOPLIST_KEY_UILaunchScreen_Generation = YES;
				INFOPLIST_KEY_UISupportedInterfaceOrientations_iPad = "UIInterfaceOrientationPortrait UIInterfaceOrientationPortraitUpsideDown UIInterfaceOrientationLandscapeLeft UIInterfaceOrientationLandscapeRight";
				INFOPLIST_KEY_UISupportedInterfaceOrientations_iPhone = "UIInterfaceOrientationPortrait UIInterfaceOrientationLandscapeLeft UIInterfaceOrientationLandscapeRight";
				LD_RUNPATH_SEARCH_PATHS = (
					"$(inherited)",
					"@executable_path/Frameworks",
				);
				MARKETING_VERSION = 1.0;
				PRODUCT_BUNDLE_IDENTIFIER = com.BenAlexander.GetMeHome;
				PRODUCT_NAME = "$(TARGET_NAME)";
				SWIFT_EMIT_LOC_STRINGS = YES;
				SWIFT_VERSION = 5.0;
				TARGETED_DEVICE_FAMILY = "1,2";
			};
			name = Debug;
		};
		434D15562A8663A200F553D8 /* Release */ = {
			isa = XCBuildConfiguration;
			buildSettings = {
				ASSETCATALOG_COMPILER_APPICON_NAME = AppIcon;
				ASSETCATALOG_COMPILER_GLOBAL_ACCENT_COLOR_NAME = AccentColor;
				CODE_SIGN_STYLE = Automatic;
				CURRENT_PROJECT_VERSION = 1;
				DEVELOPMENT_ASSET_PATHS = "\"GetMeHome/Preview Content\"";
				DEVELOPMENT_TEAM = WB46CA9337;
				ENABLE_PREVIEWS = YES;
				GENERATE_INFOPLIST_FILE = YES;
				INFOPLIST_KEY_UIApplicationSceneManifest_Generation = YES;
				INFOPLIST_KEY_UIApplicationSupportsIndirectInputEvents = YES;
				INFOPLIST_KEY_UILaunchScreen_Generation = YES;
				INFOPLIST_KEY_UISupportedInterfaceOrientations_iPad = "UIInterfaceOrientationPortrait UIInterfaceOrientationPortraitUpsideDown UIInterfaceOrientationLandscapeLeft UIInterfaceOrientationLandscapeRight";
				INFOPLIST_KEY_UISupportedInterfaceOrientations_iPhone = "UIInterfaceOrientationPortrait UIInterfaceOrientationLandscapeLeft UIInterfaceOrientationLandscapeRight";
				LD_RUNPATH_SEARCH_PATHS = (
					"$(inherited)",
					"@executable_path/Frameworks",
				);
				MARKETING_VERSION = 1.0;
				PRODUCT_BUNDLE_IDENTIFIER = com.BenAlexander.GetMeHome;
				PRODUCT_NAME = "$(TARGET_NAME)";
				SWIFT_EMIT_LOC_STRINGS = YES;
				SWIFT_VERSION = 5.0;
				TARGETED_DEVICE_FAMILY = "1,2";
			};
			name = Release;
		};
/* End XCBuildConfiguration section */

/* Begin XCConfigurationList section */
		434D15412A8663A000F553D8 /* Build configuration list for PBXProject "GetMeHome" */ = {
			isa = XCConfigurationList;
			buildConfigurations = (
				434D15522A8663A200F553D8 /* Debug */,
				434D15532A8663A200F553D8 /* Release */,
			);
			defaultConfigurationIsVisible = 0;
			defaultConfigurationName = Release;
		};
		434D15542A8663A200F553D8 /* Build configuration list for PBXNativeTarget "GetMeHome" */ = {
			isa = XCConfigurationList;
			buildConfigurations = (
				434D15552A8663A200F553D8 /* Debug */,
				434D15562A8663A200F553D8 /* Release */,
			);
			defaultConfigurationIsVisible = 0;
			defaultConfigurationName = Release;
		};
/* End XCConfigurationList section */
	};
	rootObject = 434D153E2A8663A000F553D8 /* Project object */;
}
